
Microsoft Visual Studio Solution File, Format Version 12.00
# Visual Studio Version 16
VisualStudioVersion = 16.0.31911.196
MinimumVisualStudioVersion = 10.0.40219.1
Project("{FAE04EC0-301F-11D3-BF4B-00C04F79EFBC}") = "FullName", "FullName\FullName.csproj", "{71281A3E-907D-4F21-ADDA-483EA54951F4}"
EndProject
Global
	GlobalSection(SolutionConfigurationPlatforms) = preSolution
		Debug|Any CPU = Debug|Any CPU
		Release|Any CPU = Release|Any CPU
	EndGlobalSection
	GlobalSection(ProjectConfigurationPlatforms) = postSolution
		{71281A3E-907D-4F21-ADDA-483EA54951F4}.Debug|Any CPU.ActiveCfg = Debug|Any CPU
		{71281A3E-907D-4F21-ADDA-483EA54951F4}.Debug|Any CPU.Build.0 = Debug|Any CPU
		{71281A3E-907D-4F21-ADDA-483EA54951F4}.Release|Any CPU.ActiveCfg = Release|Any CPU
		{71281A3E-907D-4F21-ADDA-483EA54951F4}.Release|Any CPU.Build.0 = Release|Any CPU
	EndGlobalSection
	GlobalSection(SolutionProperties) = preSolution
		HideSolutionNode = FALSE
	EndGlobalSection
	GlobalSection(ExtensibilityGlobals) = postSolution
		SolutionGuid = {4C85080F-52C3-4B2C-8DB8-7C91F4A3B603}
	EndGlobalSection
EndGlobal
